
Microsoft Visual Studio Solution File, Format Version 12.00
# Visual Studio Version 16
VisualStudioVersion = 16.0.31911.196
MinimumVisualStudioVersion = 10.0.40219.1
Project("{9A19103F-16F7-4668-BE54-9A1E7A4F7556}") = "PogOS", "PogOSKernel\PogOS.csproj", "{BE8F0257-83A6-4ED3-AE95-5BB758029189}"
EndProject
Global
	GlobalSection(SolutionConfigurationPlatforms) = preSolution
		Debug|Any CPU = Debug|Any CPU
		Release|Any CPU = Release|Any CPU
	EndGlobalSection
	GlobalSection(ProjectConfigurationPlatforms) = postSolution
		{BE8F0257-83A6-4ED3-AE95-5BB758029189}.Debug|Any CPU.ActiveCfg = Debug|Any CPU
		{BE8F0257-83A6-4ED3-AE95-5BB758029189}.Debug|Any CPU.Build.0 = Debug|Any CPU
		{BE8F0257-83A6-4ED3-AE95-5BB758029189}.Release|Any CPU.ActiveCfg = Release|Any CPU
		{BE8F0257-83A6-4ED3-AE95-5BB758029189}.Release|Any CPU.Build.0 = Release|Any CPU
	EndGlobalSection
	GlobalSection(SolutionProperties) = preSolution
		HideSolutionNode = FALSE
	EndGlobalSection
	GlobalSection(ExtensibilityGlobals) = postSolution
		SolutionGuid = {B84874E1-7856-469D-97A6-77362E375589}
	EndGlobalSection
EndGlobal
